// !$*UTF8*$!
{
	archiveVersion = 1;
	classes = {
	};
	objectVersion = 56;
	objects = {

/* Begin PBXBuildFile section */
		33406E2C2A83350800A058A7 /* AppDelegate.m in Sources */ = {isa = PBXBuildFile; fileRef = 33406E2B2A83350800A058A7 /* AppDelegate.m */; };
		33406E2F2A83350800A058A7 /* SceneDelegate.m in Sources */ = {isa = PBXBuildFile; fileRef = 33406E2E2A83350800A058A7 /* SceneDelegate.m */; };
		33406E322A83350800A058A7 /* ViewController.m in Sources */ = {isa = PBXBuildFile; fileRef = 33406E312A83350800A058A7 /* ViewController.m */; };
		33406E352A83350800A058A7 /* Main.storyboard in Resources */ = {isa = PBXBuildFile; fileRef = 33406E332A83350800A058A7 /* Main.storyboard */; };
		33406E372A83350A00A058A7 /* Assets.xcassets in Resources */ = {isa = PBXBuildFile; fileRef = 33406E362A83350A00A058A7 /* Assets.xcassets */; };
		33406E3A2A83350A00A058A7 /* LaunchScreen.storyboard in Resources */ = {isa = PBXBuildFile; fileRef = 33406E382A83350A00A058A7 /* LaunchScreen.storyboard */; };
		33406E3D2A83350A00A058A7 /* main.m in Sources */ = {isa = PBXBuildFile; fileRef = 33406E3C2A83350A00A058A7 /* main.m */; };
		33406E462A83356300A058A7 /* SVGView.m in Sources */ = {isa = PBXBuildFile; fileRef = 33406E452A83356300A058A7 /* SVGView.m */; };
		33406E482A83361200A058A7 /* mintendoo.svg in Resources */ = {isa = PBXBuildFile; fileRef = 33406E472A83361200A058A7 /* mintendoo.svg */; };
/* End PBXBuildFile section */

/* Begin PBXFileReference section */
		33406E272A83350800A058A7 /* SVGView.app */ = {isa = PBXFileReference; explicitFileType = wrapper.application; includeInIndex = 0; path = SVGView.app; sourceTree = BUILT_PRODUCTS_DIR; };
		33406E2A2A83350800A058A7 /* AppDelegate.h */ = {isa = PBXFileReference; lastKnownFileType = sourcecode.c.h; path = AppDelegate.h; sourceTree = "<group>"; };
		33406E2B2A83350800A058A7 /* AppDelegate.m */ = {isa = PBXFileReference; lastKnownFileType = sourcecode.c.objc; path = AppDelegate.m; sourceTree = "<group>"; };
		33406E2D2A83350800A058A7 /* SceneDelegate.h */ = {isa = PBXFileReference; lastKnownFileType = sourcecode.c.h; path = SceneDelegate.h; sourceTree = "<group>"; };
		33406E2E2A83350800A058A7 /* SceneDelegate.m */ = {isa = PBXFileReference; lastKnownFileType = sourcecode.c.objc; path = SceneDelegate.m; sourceTree = "<group>"; };
		33406E302A83350800A058A7 /* ViewController.h */ = {isa = PBXFileReference; lastKnownFileType = sourcecode.c.h; path = ViewController.h; sourceTree = "<group>"; };
		33406E312A83350800A058A7 /* ViewController.m */ = {isa = PBXFileReference; lastKnownFileType = sourcecode.c.objc; path = ViewController.m; sourceTree = "<group>"; };
		33406E342A83350800A058A7 /* Base */ = {isa = PBXFileReference; lastKnownFileType = file.storyboard; name = Base; path = Base.lproj/Main.storyboard; sourceTree = "<group>"; };
		33406E362A83350A00A058A7 /* Assets.xcassets */ = {isa = PBXFileReference; lastKnownFileType = folder.assetcatalog; path = Assets.xcassets; sourceTree = "<group>"; };
		33406E392A83350A00A058A7 /* Base */ = {isa = PBXFileReference; lastKnownFileType = file.storyboard; name = Base; path = Base.lproj/LaunchScreen.storyboard; sourceTree = "<group>"; };
		33406E3B2A83350A00A058A7 /* Info.plist */ = {isa = PBXFileReference; lastKnownFileType = text.plist.xml; path = Info.plist; sourceTree = "<group>"; };
		33406E3C2A83350A00A058A7 /* main.m */ = {isa = PBXFileReference; lastKnownFileType = sourcecode.c.objc; path = main.m; sourceTree = "<group>"; };
		33406E442A83356300A058A7 /* SVGView.h */ = {isa = PBXFileReference; lastKnownFileType = sourcecode.c.h; path = SVGView.h; sourceTree = "<group>"; };
		33406E452A83356300A058A7 /* SVGView.m */ = {isa = PBXFileReference; lastKnownFileType = sourcecode.c.objc; path = SVGView.m; sourceTree = "<group>"; };
		33406E472A83361200A058A7 /* mintendoo.svg */ = {isa = PBXFileReference; fileEncoding = 4; lastKnownFileType = text; path = mintendoo.svg; sourceTree = "<group>"; };
/* End PBXFileReference section */

/* Begin PBXFrameworksBuildPhase section */
		33406E242A83350800A058A7 /* Frameworks */ = {
			isa = PBXFrameworksBuildPhase;
			buildActionMask = 2147483647;
			files = (
			);
			runOnlyForDeploymentPostprocessing = 0;
		};
/* End PBXFrameworksBuildPhase section */

/* Begin PBXGroup section */
		33406E1E2A83350800A058A7 = {
			isa = PBXGroup;
			children = (
				33406E292A83350800A058A7 /* SVGView */,
				33406E282A83350800A058A7 /* Products */,
			);
			sourceTree = "<group>";
		};
		33406E282A83350800A058A7 /* Products */ = {
			isa = PBXGroup;
			children = (
				33406E272A83350800A058A7 /* SVGView.app */,
			);
			name = Products;
			sourceTree = "<group>";
		};
		33406E292A83350800A058A7 /* SVGView */ = {
			isa = PBXGroup;
			children = (
				33406E432A83355000A058A7 /* Class */,
				33406E2A2A83350800A058A7 /* AppDelegate.h */,
				33406E2B2A83350800A058A7 /* AppDelegate.m */,
				33406E2D2A83350800A058A7 /* SceneDelegate.h */,
				33406E2E2A83350800A058A7 /* SceneDelegate.m */,
				33406E302A83350800A058A7 /* ViewController.h */,
				33406E312A83350800A058A7 /* ViewController.m */,
				33406E472A83361200A058A7 /* mintendoo.svg */,
				33406E332A83350800A058A7 /* Main.storyboard */,
				33406E362A83350A00A058A7 /* Assets.xcassets */,
				33406E382A83350A00A058A7 /* LaunchScreen.storyboard */,
				33406E3B2A83350A00A058A7 /* Info.plist */,
				33406E3C2A83350A00A058A7 /* main.m */,
			);
			path = SVGView;
			sourceTree = "<group>";
		};
		33406E432A83355000A058A7 /* Class */ = {
			isa = PBXGroup;
			children = (
				33406E442A83356300A058A7 /* SVGView.h */,
				33406E452A83356300A058A7 /* SVGView.m */,
			);
			path = Class;
			sourceTree = "<group>";
		};
/* End PBXGroup section */

/* Begin PBXNativeTarget section */
		33406E262A83350800A058A7 /* SVGView */ = {
			isa = PBXNativeTarget;
			buildConfigurationList = 33406E402A83350A00A058A7 /* Build configuration list for PBXNativeTarget "SVGView" */;
			buildPhases = (
				33406E232A83350800A058A7 /* Sources */,
				33406E242A83350800A058A7 /* Frameworks */,
				33406E252A83350800A058A7 /* Resources */,
			);
			buildRules = (
			);
			dependencies = (
			);
			name = SVGView;
			productName = SVGView;
			productReference = 33406E272A83350800A058A7 /* SVGView.app */;
			productType = "com.apple.product-type.application";
		};
/* End PBXNativeTarget section */

/* Begin PBXProject section */
		33406E1F2A83350800A058A7 /* Project object */ = {
			isa = PBXProject;
			attributes = {
				BuildIndependentTargetsInParallel = 1;
				LastUpgradeCheck = 1430;
				TargetAttributes = {
					33406E262A83350800A058A7 = {
						CreatedOnToolsVersion = 14.3.1;
					};
				};
			};
			buildConfigurationList = 33406E222A83350800A058A7 /* Build configuration list for PBXProject "SVGView" */;
			compatibilityVersion = "Xcode 14.0";
			developmentRegion = en;
			hasScannedForEncodings = 0;
			knownRegions = (
				en,
				Base,
			);
			mainGroup = 33406E1E2A83350800A058A7;
			productRefGroup = 33406E282A83350800A058A7 /* Products */;
			projectDirPath = "";
			projectRoot = "";
			targets = (
				33406E262A83350800A058A7 /* SVGView */,
			);
		};
/* End PBXProject section */

/* Begin PBXResourcesBuildPhase section */
		33406E252A83350800A058A7 /* Resources */ = {
			isa = PBXResourcesBuildPhase;
			buildActionMask = 2147483647;
			files = (
				33406E482A83361200A058A7 /* mintendoo.svg in Resources */,
				33406E3A2A83350A00A058A7 /* LaunchScreen.storyboard in Resources */,
				33406E372A83350A00A058A7 /* Assets.xcassets in Resources */,
				33406E352A83350800A058A7 /* Main.storyboard in Resources */,
			);
			runOnlyForDeploymentPostprocessing = 0;
		};
/* End PBXResourcesBuildPhase section */

/* Begin PBXSourcesBuildPhase section */
		33406E232A83350800A058A7 /* Sources */ = {
			isa = PBXSourcesBuildPhase;
			buildActionMask = 2147483647;
			files = (
				33406E462A83356300A058A7 /* SVGView.m in Sources */,
				33406E322A83350800A058A7 /* ViewController.m in Sources */,
				33406E2C2A83350800A058A7 /* AppDelegate.m in Sources */,
				33406E3D2A83350A00A058A7 /* main.m in Sources */,
				33406E2F2A83350800A058A7 /* SceneDelegate.m in Sources */,
			);
			runOnlyForDeploymentPostprocessing = 0;
		};
/* End PBXSourcesBuildPhase section */

/* Begin PBXVariantGroup section */
		33406E332A83350800A058A7 /* Main.storyboard */ = {
			isa = PBXVariantGroup;
			children = (
				33406E342A83350800A058A7 /* Base */,
			);
			name = Main.storyboard;
			sourceTree = "<group>";
		};
		33406E382A83350A00A058A7 /* LaunchScreen.storyboard */ = {
			isa = PBXVariantGroup;
			children = (
				33406E392A83350A00A058A7 /* Base */,
			);
			name = LaunchScreen.storyboard;
			sourceTree = "<group>";
		};
/* End PBXVariantGroup section */

/* Begin XCBuildConfiguration section */
		33406E3E2A83350A00A058A7 /* Debug */ = {
			isa = XCBuildConfiguration;
			buildSettings = {
				ALWAYS_SEARCH_USER_PATHS = NO;
				CLANG_ANALYZER_NONNULL = YES;
				CLANG_ANALYZER_NUMBER_OBJECT_CONVERSION = YES_AGGRESSIVE;
				CLANG_CXX_LANGUAGE_STANDARD = "gnu++20";
				CLANG_ENABLE_MODULES = YES;
				CLANG_ENABLE_OBJC_ARC = YES;
				CLANG_ENABLE_OBJC_WEAK = YES;
				CLANG_WARN_BLOCK_CAPTURE_AUTORELEASING = YES;
				CLANG_WARN_BOOL_CONVERSION = YES;
				CLANG_WARN_COMMA = YES;
				CLANG_WARN_CONSTANT_CONVERSION = YES;
				CLANG_WARN_DEPRECATED_OBJC_IMPLEMENTATIONS = YES;
				CLANG_WARN_DIRECT_OBJC_ISA_USAGE = YES_ERROR;
				CLANG_WARN_DOCUMENTATION_COMMENTS = YES;
				CLANG_WARN_EMPTY_BODY = YES;
				CLANG_WARN_ENUM_CONVERSION = YES;
				CLANG_WARN_INFINITE_RECURSION = YES;
				CLANG_WARN_INT_CONVERSION = YES;
				CLANG_WARN_NON_LITERAL_NULL_CONVERSION = YES;
				CLANG_WARN_OBJC_IMPLICIT_RETAIN_SELF = YES;
				CLANG_WARN_OBJC_LITERAL_CONVERSION = YES;
				CLANG_WARN_OBJC_ROOT_CLASS = YES_ERROR;
				CLANG_WARN_QUOTED_INCLUDE_IN_FRAMEWORK_HEADER = YES;
				CLANG_WARN_RANGE_LOOP_ANALYSIS = YES;
				CLANG_WARN_STRICT_PROTOTYPES = YES;
				CLANG_WARN_SUSPICIOUS_MOVE = YES;
				CLANG_WARN_UNGUARDED_AVAILABILITY = YES_AGGRESSIVE;
				CLANG_WARN_UNREACHABLE_CODE = YES;
				CLANG_WARN__DUPLICATE_METHOD_MATCH = YES;
				COPY_PHASE_STRIP = NO;
				DEBUG_INFORMATION_FORMAT = dwarf;
				ENABLE_STRICT_OBJC_MSGSEND = YES;
				ENABLE_TESTABILITY = YES;
				GCC_C_LANGUAGE_STANDARD = gnu11;
				GCC_DYNAMIC_NO_PIC = NO;
				GCC_NO_COMMON_BLOCKS = YES;
				GCC_OPTIMIZATION_LEVEL = 0;
				GCC_PREPROCESSOR_DEFINITIONS = (
					"DEBUG=1",
					"$(inherited)",
				);
				GCC_WARN_64_TO_32_BIT_CONVERSION = YES;
				GCC_WARN_ABOUT_RETURN_TYPE = YES_ERROR;
				GCC_WARN_UNDECLARED_SELECTOR = YES;
				GCC_WARN_UNINITIALIZED_AUTOS = YES_AGGRESSIVE;
				GCC_WARN_UNUSED_FUNCTION = YES;
				GCC_WARN_UNUSED_VARIABLE = YES;
				IPHONEOS_DEPLOYMENT_TARGET = 13.0;
				MTL_ENABLE_DEBUG_INFO = INCLUDE_SOURCE;
				MTL_FAST_MATH = YES;
				ONLY_ACTIVE_ARCH = YES;
				SDKROOT = iphoneos;
			};
			name = Debug;
		};
		33406E3F2A83350A00A058A7 /* Release */ = {
			isa = XCBuildConfiguration;
			buildSettings = {
				ALWAYS_SEARCH_USER_PATHS = NO;
				CLANG_ANALYZER_NONNULL = YES;
				CLANG_ANALYZER_NUMBER_OBJECT_CONVERSION = YES_AGGRESSIVE;
				CLANG_CXX_LANGUAGE_STANDARD = "gnu++20";
				CLANG_ENABLE_MODULES = YES;
				CLANG_ENABLE_OBJC_ARC = YES;
				CLANG_ENABLE_OBJC_WEAK = YES;
				CLANG_WARN_BLOCK_CAPTURE_AUTORELEASING = YES;
				CLANG_WARN_BOOL_CONVERSION = YES;
				CLANG_WARN_COMMA = YES;
				CLANG_WARN_CONSTANT_CONVERSION = YES;
				CLANG_WARN_DEPRECATED_OBJC_IMPLEMENTATIONS = YES;
				CLANG_WARN_DIRECT_OBJC_ISA_USAGE = YES_ERROR;
				CLANG_WARN_DOCUMENTATION_COMMENTS = YES;
				CLANG_WARN_EMPTY_BODY = YES;
				CLANG_WARN_ENUM_CONVERSION = YES;
				CLANG_WARN_INFINITE_RECURSION = YES;
				CLANG_WARN_INT_CONVERSION = YES;
				CLANG_WARN_NON_LITERAL_NULL_CONVERSION = YES;
				CLANG_WARN_OBJC_IMPLICIT_RETAIN_SELF = YES;
				CLANG_WARN_OBJC_LITERAL_CONVERSION = YES;
				CLANG_WARN_OBJC_ROOT_CLASS = YES_ERROR;
				CLANG_WARN_QUOTED_INCLUDE_IN_FRAMEWORK_HEADER = YES;
				CLANG_WARN_RANGE_LOOP_ANALYSIS = YES;
				CLANG_WARN_STRICT_PROTOTYPES = YES;
				CLANG_WARN_SUSPICIOUS_MOVE = YES;
				CLANG_WARN_UNGUARDED_AVAILABILITY = YES_AGGRESSIVE;
				CLANG_WARN_UNREACHABLE_CODE = YES;
				CLANG_WARN__DUPLICATE_METHOD_MATCH = YES;
				COPY_PHASE_STRIP = NO;
				DEBUG_INFORMATION_FORMAT = "dwarf-with-dsym";
				ENABLE_NS_ASSERTIONS = NO;
				ENABLE_STRICT_OBJC_MSGSEND = YES;
				GCC_C_LANGUAGE_STANDARD = gnu11;
				GCC_NO_COMMON_BLOCKS = YES;
				GCC_WARN_64_TO_32_BIT_CONVERSION = YES;
				GCC_WARN_ABOUT_RETURN_TYPE = YES_ERROR;
				GCC_WARN_UNDECLARED_SELECTOR = YES;
				GCC_WARN_UNINITIALIZED_AUTOS = YES_AGGRESSIVE;
				GCC_WARN_UNUSED_FUNCTION = YES;
				GCC_WARN_UNUSED_VARIABLE = YES;
				IPHONEOS_DEPLOYMENT_TARGET = 13.0;
				MTL_ENABLE_DEBUG_INFO = NO;
				MTL_FAST_MATH = YES;
				SDKROOT = iphoneos;
				VALIDATE_PRODUCT = YES;
			};
			name = Release;
		};
		33406E412A83350A00A058A7 /* Debug */ = {
			isa = XCBuildConfiguration;
			buildSettings = {
				ASSETCATALOG_COMPILER_APPICON_NAME = AppIcon;
				ASSETCATALOG_COMPILER_GLOBAL_ACCENT_COLOR_NAME = AccentColor;
				CODE_SIGN_STYLE = Automatic;
				CURRENT_PROJECT_VERSION = 1;
				GENERATE_INFOPLIST_FILE = YES;
				INFOPLIST_FILE = SVGView/Info.plist;
				INFOPLIST_KEY_UIApplicationSupportsIndirectInputEvents = YES;
				INFOPLIST_KEY_UILaunchStoryboardName = LaunchScreen;
				INFOPLIST_KEY_UIMainStoryboardFile = Main;
				INFOPLIST_KEY_UISupportedInterfaceOrientations_iPad = "UIInterfaceOrientationPortrait UIInterfaceOrientationPortraitUpsideDown UIInterfaceOrientationLandscapeLeft UIInterfaceOrientationLandscapeRight";
				INFOPLIST_KEY_UISupportedInterfaceOrientations_iPhone = "UIInterfaceOrientationPortrait UIInterfaceOrientationLandscapeLeft UIInterfaceOrientationLandscapeRight";
				IPHONEOS_DEPLOYMENT_TARGET = 13.0;
				LD_RUNPATH_SEARCH_PATHS = (
					"$(inherited)",
					"@executable_path/Frameworks",
				);
				MARKETING_VERSION = 1.0;
				PRODUCT_BUNDLE_IDENTIFIER = com.fancy.SVGView;
				PRODUCT_NAME = "$(TARGET_NAME)";
				SWIFT_EMIT_LOC_STRINGS = YES;
				TARGETED_DEVICE_FAMILY = "1,2";
			};
			name = Debug;
		};
		33406E422A83350A00A058A7 /* Release */ = {
			isa = XCBuildConfiguration;
			buildSettings = {
				ASSETCATALOG_COMPILER_APPICON_NAME = AppIcon;
				ASSETCATALOG_COMPILER_GLOBAL_ACCENT_COLOR_NAME = AccentColor;
				CODE_SIGN_STYLE = Automatic;
				CURRENT_PROJECT_VERSION = 1;
				GENERATE_INFOPLIST_FILE = YES;
				INFOPLIST_FILE = SVGView/Info.plist;
				INFOPLIST_KEY_UIApplicationSupportsIndirectInputEvents = YES;
				INFOPLIST_KEY_UILaunchStoryboardName = LaunchScreen;
				INFOPLIST_KEY_UIMainStoryboardFile = Main;
				INFOPLIST_KEY_UISupportedInterfaceOrientations_iPad = "UIInterfaceOrientationPortrait UIInterfaceOrientationPortraitUpsideDown UIInterfaceOrientationLandscapeLeft UIInterfaceOrientationLandscapeRight";
				INFOPLIST_KEY_UISupportedInterfaceOrientations_iPhone = "UIInterfaceOrientationPortrait UIInterfaceOrientationLandscapeLeft UIInterfaceOrientationLandscapeRight";
				IPHONEOS_DEPLOYMENT_TARGET = 13.0;
				LD_RUNPATH_SEARCH_PATHS = (
					"$(inherited)",
					"@executable_path/Frameworks",
				);
				MARKETING_VERSION = 1.0;
				PRODUCT_BUNDLE_IDENTIFIER = com.fancy.SVGView;
				PRODUCT_NAME = "$(TARGET_NAME)";
				SWIFT_EMIT_LOC_STRINGS = YES;
				TARGETED_DEVICE_FAMILY = "1,2";
			};
			name = Release;
		};
/* End XCBuildConfiguration section */

/* Begin XCConfigurationList section */
		33406E222A83350800A058A7 /* Build configuration list for PBXProject "SVGView" */ = {
			isa = XCConfigurationList;
			buildConfigurations = (
				33406E3E2A83350A00A058A7 /* Debug */,
				33406E3F2A83350A00A058A7 /* Release */,
			);
			defaultConfigurationIsVisible = 0;
			defaultConfigurationName = Release;
		};
		33406E402A83350A00A058A7 /* Build configuration list for PBXNativeTarget "SVGView" */ = {
			isa = XCConfigurationList;
			buildConfigurations = (
				33406E412A83350A00A058A7 /* Debug */,
				33406E422A83350A00A058A7 /* Release */,
			);
			defaultConfigurationIsVisible = 0;
			defaultConfigurationName = Release;
		};
/* End XCConfigurationList section */
	};
	rootObject = 33406E1F2A83350800A058A7 /* Project object */;
}
